// !$*UTF8*$!
{
	archiveVersion = 1;
	classes = {
	};
	objectVersion = 50;
	objects = {

/* Begin PBXBuildFile section */
		C4F93754259F756600DFC943 /* AppDelegate.m in Sources */ = {isa = PBXBuildFile; fileRef = C4F93753259F756600DFC943 /* AppDelegate.m */; };
		C4F9375A259F756600DFC943 /* ViewController.m in Sources */ = {isa = PBXBuildFile; fileRef = C4F93759259F756600DFC943 /* ViewController.m */; };
		C4F9375D259F756600DFC943 /* Main.storyboard in Resources */ = {isa = PBXBuildFile; fileRef = C4F9375B259F756600DFC943 /* Main.storyboard */; };
		C4F9375F259F756600DFC943 /* Assets.xcassets in Resources */ = {isa = PBXBuildFile; fileRef = C4F9375E259F756600DFC943 /* Assets.xcassets */; };
		C4F93762259F756600DFC943 /* LaunchScreen.storyboard in Resources */ = {isa = PBXBuildFile; fileRef = C4F93760259F756600DFC943 /* LaunchScreen.storyboard */; };
		C4F93765259F756600DFC943 /* main.m in Sources */ = {isa = PBXBuildFile; fileRef = C4F93764259F756600DFC943 /* main.m */; };
		C4F9376F259F756600DFC943 /* helloworldTests.m in Sources */ = {isa = PBXBuildFile; fileRef = C4F9376E259F756600DFC943 /* helloworldTests.m */; };
		C4F9377A259F756700DFC943 /* helloworldUITests.m in Sources */ = {isa = PBXBuildFile; fileRef = C4F93779259F756700DFC943 /* helloworldUITests.m */; };
/* End PBXBuildFile section */

/* Begin PBXContainerItemProxy section */
		C4F9376B259F756600DFC943 /* PBXContainerItemProxy */ = {
			isa = PBXContainerItemProxy;
			containerPortal = C4F93747259F756600DFC943 /* Project object */;
			proxyType = 1;
			remoteGlobalIDString = C4F9374E259F756600DFC943;
			remoteInfo = helloworld;
		};
		C4F93776259F756700DFC943 /* PBXContainerItemProxy */ = {
			isa = PBXContainerItemProxy;
			containerPortal = C4F93747259F756600DFC943 /* Project object */;
			proxyType = 1;
			remoteGlobalIDString = C4F9374E259F756600DFC943;
			remoteInfo = helloworld;
		};
/* End PBXContainerItemProxy section */

/* Begin PBXFileReference section */
		C4F9374F259F756600DFC943 /* helloworld.app */ = {isa = PBXFileReference; explicitFileType = wrapper.application; includeInIndex = 0; path = helloworld.app; sourceTree = BUILT_PRODUCTS_DIR; };
		C4F93752259F756600DFC943 /* AppDelegate.h */ = {isa = PBXFileReference; lastKnownFileType = sourcecode.c.h; path = AppDelegate.h; sourceTree = "<group>"; };
		C4F93753259F756600DFC943 /* AppDelegate.m */ = {isa = PBXFileReference; lastKnownFileType = sourcecode.c.objc; path = AppDelegate.m; sourceTree = "<group>"; };
		C4F93758259F756600DFC943 /* ViewController.h */ = {isa = PBXFileReference; lastKnownFileType = sourcecode.c.h; path = ViewController.h; sourceTree = "<group>"; };
		C4F93759259F756600DFC943 /* ViewController.m */ = {isa = PBXFileReference; lastKnownFileType = sourcecode.c.objc; path = ViewController.m; sourceTree = "<group>"; };
		C4F9375C259F756600DFC943 /* Base */ = {isa = PBXFileReference; lastKnownFileType = file.storyboard; name = Base; path = Base.lproj/Main.storyboard; sourceTree = "<group>"; };
		C4F9375E259F756600DFC943 /* Assets.xcassets */ = {isa = PBXFileReference; lastKnownFileType = folder.assetcatalog; path = Assets.xcassets; sourceTree = "<group>"; };
		C4F93761259F756600DFC943 /* Base */ = {isa = PBXFileReference; lastKnownFileType = file.storyboard; name = Base; path = Base.lproj/LaunchScreen.storyboard; sourceTree = "<group>"; };
		C4F93763259F756600DFC943 /* Info.plist */ = {isa = PBXFileReference; lastKnownFileType = text.plist.xml; path = Info.plist; sourceTree = "<group>"; };
		C4F93764259F756600DFC943 /* main.m */ = {isa = PBXFileReference; lastKnownFileType = sourcecode.c.objc; path = main.m; sourceTree = "<group>"; };
		C4F9376A259F756600DFC943 /* helloworldTests.xctest */ = {isa = PBXFileReference; explicitFileType = wrapper.cfbundle; includeInIndex = 0; path = helloworldTests.xctest; sourceTree = BUILT_PRODUCTS_DIR; };
		C4F9376E259F756600DFC943 /* helloworldTests.m */ = {isa = PBXFileReference; lastKnownFileType = sourcecode.c.objc; path = helloworldTests.m; sourceTree = "<group>"; };
		C4F93770259F756600DFC943 /* Info.plist */ = {isa = PBXFileReference; lastKnownFileType = text.plist.xml; path = Info.plist; sourceTree = "<group>"; };
		C4F93775259F756700DFC943 /* helloworldUITests.xctest */ = {isa = PBXFileReference; explicitFileType = wrapper.cfbundle; includeInIndex = 0; path = helloworldUITests.xctest; sourceTree = BUILT_PRODUCTS_DIR; };
		C4F93779259F756700DFC943 /* helloworldUITests.m */ = {isa = PBXFileReference; lastKnownFileType = sourcecode.c.objc; path = helloworldUITests.m; sourceTree = "<group>"; };
		C4F9377B259F756700DFC943 /* Info.plist */ = {isa = PBXFileReference; lastKnownFileType = text.plist.xml; path = Info.plist; sourceTree = "<group>"; };
/* End PBXFileReference section */

/* Begin PBXFrameworksBuildPhase section */
		C4F9374C259F756600DFC943 /* Frameworks */ = {
			isa = PBXFrameworksBuildPhase;
			buildActionMask = 2147483647;
			files = (
			);
			runOnlyForDeploymentPostprocessing = 0;
		};
		C4F93767259F756600DFC943 /* Frameworks */ = {
			isa = PBXFrameworksBuildPhase;
			buildActionMask = 2147483647;
			files = (
			);
			runOnlyForDeploymentPostprocessing = 0;
		};
		C4F93772259F756700DFC943 /* Frameworks */ = {
			isa = PBXFrameworksBuildPhase;
			buildActionMask = 2147483647;
			files = (
			);
			runOnlyForDeploymentPostprocessing = 0;
		};
/* End PBXFrameworksBuildPhase section */

/* Begin PBXGroup section */
		C4F93746259F756600DFC943 = {
			isa = PBXGroup;
			children = (
				C4F93751259F756600DFC943 /* helloworld */,
				C4F9376D259F756600DFC943 /* helloworldTests */,
				C4F93778259F756700DFC943 /* helloworldUITests */,
				C4F93750259F756600DFC943 /* Products */,
			);
			sourceTree = "<group>";
		};
		C4F93750259F756600DFC943 /* Products */ = {
			isa = PBXGroup;
			children = (
				C4F9374F259F756600DFC943 /* helloworld.app */,
				C4F9376A259F756600DFC943 /* helloworldTests.xctest */,
				C4F93775259F756700DFC943 /* helloworldUITests.xctest */,
			);
			name = Products;
			sourceTree = "<group>";
		};
		C4F93751259F756600DFC943 /* helloworld */ = {
			isa = PBXGroup;
			children = (
				C4F93752259F756600DFC943 /* AppDelegate.h */,
				C4F93753259F756600DFC943 /* AppDelegate.m */,
				C4F93758259F756600DFC943 /* ViewController.h */,
				C4F93759259F756600DFC943 /* ViewController.m */,
				C4F9375B259F756600DFC943 /* Main.storyboard */,
				C4F9375E259F756600DFC943 /* Assets.xcassets */,
				C4F93760259F756600DFC943 /* LaunchScreen.storyboard */,
				C4F93763259F756600DFC943 /* Info.plist */,
				C4F93764259F756600DFC943 /* main.m */,
			);
			path = helloworld;
			sourceTree = "<group>";
		};
		C4F9376D259F756600DFC943 /* helloworldTests */ = {
			isa = PBXGroup;
			children = (
				C4F9376E259F756600DFC943 /* helloworldTests.m */,
				C4F93770259F756600DFC943 /* Info.plist */,
			);
			path = helloworldTests;
			sourceTree = "<group>";
		};
		C4F93778259F756700DFC943 /* helloworldUITests */ = {
			isa = PBXGroup;
			children = (
				C4F93779259F756700DFC943 /* helloworldUITests.m */,
				C4F9377B259F756700DFC943 /* Info.plist */,
			);
			path = helloworldUITests;
			sourceTree = "<group>";
		};
/* End PBXGroup section */

/* Begin PBXNativeTarget section */
		C4F9374E259F756600DFC943 /* helloworld */ = {
			isa = PBXNativeTarget;
			buildConfigurationList = C4F9377E259F756700DFC943 /* Build configuration list for PBXNativeTarget "helloworld" */;
			buildPhases = (
				C4F9374B259F756600DFC943 /* Sources */,
				C4F9374C259F756600DFC943 /* Frameworks */,
				C4F9374D259F756600DFC943 /* Resources */,
			);
			buildRules = (
			);
			dependencies = (
			);
			name = helloworld;
			productName = helloworld;
			productReference = C4F9374F259F756600DFC943 /* helloworld.app */;
			productType = "com.apple.product-type.application";
		};
		C4F93769259F756600DFC943 /* helloworldTests */ = {
			isa = PBXNativeTarget;
			buildConfigurationList = C4F93781259F756700DFC943 /* Build configuration list for PBXNativeTarget "helloworldTests" */;
			buildPhases = (
				C4F93766259F756600DFC943 /* Sources */,
				C4F93767259F756600DFC943 /* Frameworks */,
				C4F93768259F756600DFC943 /* Resources */,
			);
			buildRules = (
			);
			dependencies = (
				C4F9376C259F756600DFC943 /* PBXTargetDependency */,
			);
			name = helloworldTests;
			productName = helloworldTests;
			productReference = C4F9376A259F756600DFC943 /* helloworldTests.xctest */;
			productType = "com.apple.product-type.bundle.unit-test";
		};
		C4F93774259F756700DFC943 /* helloworldUITests */ = {
			isa = PBXNativeTarget;
			buildConfigurationList = C4F93784259F756700DFC943 /* Build configuration list for PBXNativeTarget "helloworldUITests" */;
			buildPhases = (
				C4F93771259F756700DFC943 /* Sources */,
				C4F93772259F756700DFC943 /* Frameworks */,
				C4F93773259F756700DFC943 /* Resources */,
			);
			buildRules = (
			);
			dependencies = (
				C4F93777259F756700DFC943 /* PBXTargetDependency */,
			);
			name = helloworldUITests;
			productName = helloworldUITests;
			productReference = C4F93775259F756700DFC943 /* helloworldUITests.xctest */;
			productType = "com.apple.product-type.bundle.ui-testing";
		};
/* End PBXNativeTarget section */

/* Begin PBXProject section */
		C4F93747259F756600DFC943 /* Project object */ = {
			isa = PBXProject;
			attributes = {
				LastUpgradeCheck = 1230;
				TargetAttributes = {
					C4F9374E259F756600DFC943 = {
						CreatedOnToolsVersion = 12.3;
					};
					C4F93769259F756600DFC943 = {
						CreatedOnToolsVersion = 12.3;
						TestTargetID = C4F9374E259F756600DFC943;
					};
					C4F93774259F756700DFC943 = {
						CreatedOnToolsVersion = 12.3;
						TestTargetID = C4F9374E259F756600DFC943;
					};
				};
			};
			buildConfigurationList = C4F9374A259F756600DFC943 /* Build configuration list for PBXProject "helloworld" */;
			compatibilityVersion = "Xcode 9.3";
			developmentRegion = en;
			hasScannedForEncodings = 0;
			knownRegions = (
				en,
				Base,
			);
			mainGroup = C4F93746259F756600DFC943;
			productRefGroup = C4F93750259F756600DFC943 /* Products */;
			projectDirPath = "";
			projectRoot = "";
			targets = (
				C4F9374E259F756600DFC943 /* helloworld */,
				C4F93769259F756600DFC943 /* helloworldTests */,
				C4F93774259F756700DFC943 /* helloworldUITests */,
			);
		};
/* End PBXProject section */

/* Begin PBXResourcesBuildPhase section */
		C4F9374D259F756600DFC943 /* Resources */ = {
			isa = PBXResourcesBuildPhase;
			buildActionMask = 2147483647;
			files = (
				C4F93762259F756600DFC943 /* LaunchScreen.storyboard in Resources */,
				C4F9375F259F756600DFC943 /* Assets.xcassets in Resources */,
				C4F9375D259F756600DFC943 /* Main.storyboard in Resources */,
			);
			runOnlyForDeploymentPostprocessing = 0;
		};
		C4F93768259F756600DFC943 /* Resources */ = {
			isa = PBXResourcesBuildPhase;
			buildActionMask = 2147483647;
			files = (
			);
			runOnlyForDeploymentPostprocessing = 0;
		};
		C4F93773259F756700DFC943 /* Resources */ = {
			isa = PBXResourcesBuildPhase;
			buildActionMask = 2147483647;
			files = (
			);
			runOnlyForDeploymentPostprocessing = 0;
		};
/* End PBXResourcesBuildPhase section */

/* Begin PBXSourcesBuildPhase section */
		C4F9374B259F756600DFC943 /* Sources */ = {
			isa = PBXSourcesBuildPhase;
			buildActionMask = 2147483647;
			files = (
				C4F9375A259F756600DFC943 /* ViewController.m in Sources */,
				C4F93754259F756600DFC943 /* AppDelegate.m in Sources */,
				C4F93765259F756600DFC943 /* main.m in Sources */,
			);
			runOnlyForDeploymentPostprocessing = 0;
		};
		C4F93766259F756600DFC943 /* Sources */ = {
			isa = PBXSourcesBuildPhase;
			buildActionMask = 2147483647;
			files = (
				C4F9376F259F756600DFC943 /* helloworldTests.m in Sources */,
			);
			runOnlyForDeploymentPostprocessing = 0;
		};
		C4F93771259F756700DFC943 /* Sources */ = {
			isa = PBXSourcesBuildPhase;
			buildActionMask = 2147483647;
			files = (
				C4F9377A259F756700DFC943 /* helloworldUITests.m in Sources */,
			);
			runOnlyForDeploymentPostprocessing = 0;
		};
/* End PBXSourcesBuildPhase section */

/* Begin PBXTargetDependency section */
		C4F9376C259F756600DFC943 /* PBXTargetDependency */ = {
			isa = PBXTargetDependency;
			target = C4F9374E259F756600DFC943 /* helloworld */;
			targetProxy = C4F9376B259F756600DFC943 /* PBXContainerItemProxy */;
		};
		C4F93777259F756700DFC943 /* PBXTargetDependency */ = {
			isa = PBXTargetDependency;
			target = C4F9374E259F756600DFC943 /* helloworld */;
			targetProxy = C4F93776259F756700DFC943 /* PBXContainerItemProxy */;
		};
/* End PBXTargetDependency section */

/* Begin PBXVariantGroup section */
		C4F9375B259F756600DFC943 /* Main.storyboard */ = {
			isa = PBXVariantGroup;
			children = (
				C4F9375C259F756600DFC943 /* Base */,
			);
			name = Main.storyboard;
			sourceTree = "<group>";
		};
		C4F93760259F756600DFC943 /* LaunchScreen.storyboard */ = {
			isa = PBXVariantGroup;
			children = (
				C4F93761259F756600DFC943 /* Base */,
			);
			name = LaunchScreen.storyboard;
			sourceTree = "<group>";
		};
/* End PBXVariantGroup section */

/* Begin XCBuildConfiguration section */
		C4F9377C259F756700DFC943 /* Debug */ = {
			isa = XCBuildConfiguration;
			buildSettings = {
				ALWAYS_SEARCH_USER_PATHS = NO;
				CLANG_ANALYZER_NONNULL = YES;
				CLANG_ANALYZER_NUMBER_OBJECT_CONVERSION = YES_AGGRESSIVE;
				CLANG_CXX_LANGUAGE_STANDARD = "gnu++14";
				CLANG_CXX_LIBRARY = "libc++";
				CLANG_ENABLE_MODULES = YES;
				CLANG_ENABLE_OBJC_ARC = YES;
				CLANG_ENABLE_OBJC_WEAK = YES;
				CLANG_WARN_BLOCK_CAPTURE_AUTORELEASING = YES;
				CLANG_WARN_BOOL_CONVERSION = YES;
				CLANG_WARN_COMMA = YES;
				CLANG_WARN_CONSTANT_CONVERSION = YES;
				CLANG_WARN_DEPRECATED_OBJC_IMPLEMENTATIONS = YES;
				CLANG_WARN_DIRECT_OBJC_ISA_USAGE = YES_ERROR;
				CLANG_WARN_DOCUMENTATION_COMMENTS = YES;
				CLANG_WARN_EMPTY_BODY = YES;
				CLANG_WARN_ENUM_CONVERSION = YES;
				CLANG_WARN_INFINITE_RECURSION = YES;
				CLANG_WARN_INT_CONVERSION = YES;
				CLANG_WARN_NON_LITERAL_NULL_CONVERSION = YES;
				CLANG_WARN_OBJC_IMPLICIT_RETAIN_SELF = YES;
				CLANG_WARN_OBJC_LITERAL_CONVERSION = YES;
				CLANG_WARN_OBJC_ROOT_CLASS = YES_ERROR;
				CLANG_WARN_QUOTED_INCLUDE_IN_FRAMEWORK_HEADER = YES;
				CLANG_WARN_RANGE_LOOP_ANALYSIS = YES;
				CLANG_WARN_STRICT_PROTOTYPES = YES;
				CLANG_WARN_SUSPICIOUS_MOVE = YES;
				CLANG_WARN_UNGUARDED_AVAILABILITY = YES_AGGRESSIVE;
				CLANG_WARN_UNREACHABLE_CODE = YES;
				CLANG_WARN__DUPLICATE_METHOD_MATCH = YES;
				COPY_PHASE_STRIP = NO;
				DEBUG_INFORMATION_FORMAT = dwarf;
				ENABLE_STRICT_OBJC_MSGSEND = YES;
				ENABLE_TESTABILITY = YES;
				GCC_C_LANGUAGE_STANDARD = gnu11;
				GCC_DYNAMIC_NO_PIC = NO;
				GCC_NO_COMMON_BLOCKS = YES;
				GCC_OPTIMIZATION_LEVEL = 0;
				GCC_PREPROCESSOR_DEFINITIONS = (
					"DEBUG=1",
					"$(inherited)",
				);
				GCC_WARN_64_TO_32_BIT_CONVERSION = YES;
				GCC_WARN_ABOUT_RETURN_TYPE = YES_ERROR;
				GCC_WARN_UNDECLARED_SELECTOR = YES;
				GCC_WARN_UNINITIALIZED_AUTOS = YES_AGGRESSIVE;
				GCC_WARN_UNUSED_FUNCTION = YES;
				GCC_WARN_UNUSED_VARIABLE = YES;
				IPHONEOS_DEPLOYMENT_TARGET = 14.3;
				MTL_ENABLE_DEBUG_INFO = INCLUDE_SOURCE;
				MTL_FAST_MATH = YES;
				ONLY_ACTIVE_ARCH = YES;
				SDKROOT = iphoneos;
			};
			name = Debug;
		};
		C4F9377D259F756700DFC943 /* Release */ = {
			isa = XCBuildConfiguration;
			buildSettings = {
				ALWAYS_SEARCH_USER_PATHS = NO;
				CLANG_ANALYZER_NONNULL = YES;
				CLANG_ANALYZER_NUMBER_OBJECT_CONVERSION = YES_AGGRESSIVE;
				CLANG_CXX_LANGUAGE_STANDARD = "gnu++14";
				CLANG_CXX_LIBRARY = "libc++";
				CLANG_ENABLE_MODULES = YES;
				CLANG_ENABLE_OBJC_ARC = YES;
				CLANG_ENABLE_OBJC_WEAK = YES;
				CLANG_WARN_BLOCK_CAPTURE_AUTORELEASING = YES;
				CLANG_WARN_BOOL_CONVERSION = YES;
				CLANG_WARN_COMMA = YES;
				CLANG_WARN_CONSTANT_CONVERSION = YES;
				CLANG_WARN_DEPRECATED_OBJC_IMPLEMENTATIONS = YES;
				CLANG_WARN_DIRECT_OBJC_ISA_USAGE = YES_ERROR;
				CLANG_WARN_DOCUMENTATION_COMMENTS = YES;
				CLANG_WARN_EMPTY_BODY = YES;
				CLANG_WARN_ENUM_CONVERSION = YES;
				CLANG_WARN_INFINITE_RECURSION = YES;
				CLANG_WARN_INT_CONVERSION = YES;
				CLANG_WARN_NON_LITERAL_NULL_CONVERSION = YES;
				CLANG_WARN_OBJC_IMPLICIT_RETAIN_SELF = YES;
				CLANG_WARN_OBJC_LITERAL_CONVERSION = YES;
				CLANG_WARN_OBJC_ROOT_CLASS = YES_ERROR;
				CLANG_WARN_QUOTED_INCLUDE_IN_FRAMEWORK_HEADER = YES;
				CLANG_WARN_RANGE_LOOP_ANALYSIS = YES;
				CLANG_WARN_STRICT_PROTOTYPES = YES;
				CLANG_WARN_SUSPICIOUS_MOVE = YES;
				CLANG_WARN_UNGUARDED_AVAILABILITY = YES_AGGRESSIVE;
				CLANG_WARN_UNREACHABLE_CODE = YES;
				CLANG_WARN__DUPLICATE_METHOD_MATCH = YES;
				COPY_PHASE_STRIP = NO;
				DEBUG_INFORMATION_FORMAT = "dwarf-with-dsym";
				ENABLE_NS_ASSERTIONS = NO;
				ENABLE_STRICT_OBJC_MSGSEND = YES;
				GCC_C_LANGUAGE_STANDARD = gnu11;
				GCC_NO_COMMON_BLOCKS = YES;
				GCC_WARN_64_TO_32_BIT_CONVERSION = YES;
				GCC_WARN_ABOUT_RETURN_TYPE = YES_ERROR;
				GCC_WARN_UNDECLARED_SELECTOR = YES;
				GCC_WARN_UNINITIALIZED_AUTOS = YES_AGGRESSIVE;
				GCC_WARN_UNUSED_FUNCTION = YES;
				GCC_WARN_UNUSED_VARIABLE = YES;
				IPHONEOS_DEPLOYMENT_TARGET = 14.3;
				MTL_ENABLE_DEBUG_INFO = NO;
				MTL_FAST_MATH = YES;
				SDKROOT = iphoneos;
				VALIDATE_PRODUCT = YES;
			};
			name = Release;
		};
		C4F9377F259F756700DFC943 /* Debug */ = {
			isa = XCBuildConfiguration;
			buildSettings = {
				ASSETCATALOG_COMPILER_APPICON_NAME = AppIcon;
				ASSETCATALOG_COMPILER_GLOBAL_ACCENT_COLOR_NAME = AccentColor;
				CODE_SIGN_STYLE = Automatic;
				INFOPLIST_FILE = helloworld/Info.plist;
				LD_RUNPATH_SEARCH_PATHS = (
					"$(inherited)",
					"@executable_path/Frameworks",
				);
				PRODUCT_BUNDLE_IDENTIFIER = com.lyri.ios.helloworld;
				PRODUCT_NAME = "$(TARGET_NAME)";
				TARGETED_DEVICE_FAMILY = "1,2";
			};
			name = Debug;
		};
		C4F93780259F756700DFC943 /* Release */ = {
			isa = XCBuildConfiguration;
			buildSettings = {
				ASSETCATALOG_COMPILER_APPICON_NAME = AppIcon;
				ASSETCATALOG_COMPILER_GLOBAL_ACCENT_COLOR_NAME = AccentColor;
				CODE_SIGN_STYLE = Automatic;
				INFOPLIST_FILE = helloworld/Info.plist;
				LD_RUNPATH_SEARCH_PATHS = (
					"$(inherited)",
					"@executable_path/Frameworks",
				);
				PRODUCT_BUNDLE_IDENTIFIER = com.lyri.ios.helloworld;
				PRODUCT_NAME = "$(TARGET_NAME)";
				TARGETED_DEVICE_FAMILY = "1,2";
			};
			name = Release;
		};
		C4F93782259F756700DFC943 /* Debug */ = {
			isa = XCBuildConfiguration;
			buildSettings = {
				BUNDLE_LOADER = "$(TEST_HOST)";
				CODE_SIGN_STYLE = Automatic;
				INFOPLIST_FILE = helloworldTests/Info.plist;
				IPHONEOS_DEPLOYMENT_TARGET = 14.3;
				LD_RUNPATH_SEARCH_PATHS = (
					"$(inherited)",
					"@executable_path/Frameworks",
					"@loader_path/Frameworks",
				);
				PRODUCT_BUNDLE_IDENTIFIER = com.lyri.ios.helloworldTests;
				PRODUCT_NAME = "$(TARGET_NAME)";
				TARGETED_DEVICE_FAMILY = "1,2";
				TEST_HOST = "$(BUILT_PRODUCTS_DIR)/helloworld.app/helloworld";
			};
			name = Debug;
		};
		C4F93783259F756700DFC943 /* Release */ = {
			isa = XCBuildConfiguration;
			buildSettings = {
				BUNDLE_LOADER = "$(TEST_HOST)";
				CODE_SIGN_STYLE = Automatic;
				INFOPLIST_FILE = helloworldTests/Info.plist;
				IPHONEOS_DEPLOYMENT_TARGET = 14.3;
				LD_RUNPATH_SEARCH_PATHS = (
					"$(inherited)",
					"@executable_path/Frameworks",
					"@loader_path/Frameworks",
				);
				PRODUCT_BUNDLE_IDENTIFIER = com.lyri.ios.helloworldTests;
				PRODUCT_NAME = "$(TARGET_NAME)";
				TARGETED_DEVICE_FAMILY = "1,2";
				TEST_HOST = "$(BUILT_PRODUCTS_DIR)/helloworld.app/helloworld";
			};
			name = Release;
		};
		C4F93785259F756700DFC943 /* Debug */ = {
			isa = XCBuildConfiguration;
			buildSettings = {
				CODE_SIGN_STYLE = Automatic;
				INFOPLIST_FILE = helloworldUITests/Info.plist;
				LD_RUNPATH_SEARCH_PATHS = (
					"$(inherited)",
					"@executable_path/Frameworks",
					"@loader_path/Frameworks",
				);
				PRODUCT_BUNDLE_IDENTIFIER = com.lyri.ios.helloworldUITests;
				PRODUCT_NAME = "$(TARGET_NAME)";
				TARGETED_DEVICE_FAMILY = "1,2";
				TEST_TARGET_NAME = helloworld;
			};
			name = Debug;
		};
		C4F93786259F756700DFC943 /* Release */ = {
			isa = XCBuildConfiguration;
			buildSettings = {
				CODE_SIGN_STYLE = Automatic;
				INFOPLIST_FILE = helloworldUITests/Info.plist;
				LD_RUNPATH_SEARCH_PATHS = (
					"$(inherited)",
					"@executable_path/Frameworks",
					"@loader_path/Frameworks",
				);
				PRODUCT_BUNDLE_IDENTIFIER = com.lyri.ios.helloworldUITests;
				PRODUCT_NAME = "$(TARGET_NAME)";
				TARGETED_DEVICE_FAMILY = "1,2";
				TEST_TARGET_NAME = helloworld;
			};
			name = Release;
		};
/* End XCBuildConfiguration section */

/* Begin XCConfigurationList section */
		C4F9374A259F756600DFC943 /* Build configuration list for PBXProject "helloworld" */ = {
			isa = XCConfigurationList;
			buildConfigurations = (
				C4F9377C259F756700DFC943 /* Debug */,
				C4F9377D259F756700DFC943 /* Release */,
			);
			defaultConfigurationIsVisible = 0;
			defaultConfigurationName = Release;
		};
		C4F9377E259F756700DFC943 /* Build configuration list for PBXNativeTarget "helloworld" */ = {
			isa = XCConfigurationList;
			buildConfigurations = (
				C4F9377F259F756700DFC943 /* Debug */,
				C4F93780259F756700DFC943 /* Release */,
			);
			defaultConfigurationIsVisible = 0;
			defaultConfigurationName = Release;
		};
		C4F93781259F756700DFC943 /* Build configuration list for PBXNativeTarget "helloworldTests" */ = {
			isa = XCConfigurationList;
			buildConfigurations = (
				C4F93782259F756700DFC943 /* Debug */,
				C4F93783259F756700DFC943 /* Release */,
			);
			defaultConfigurationIsVisible = 0;
			defaultConfigurationName = Release;
		};
		C4F93784259F756700DFC943 /* Build configuration list for PBXNativeTarget "helloworldUITests" */ = {
			isa = XCConfigurationList;
			buildConfigurations = (
				C4F93785259F756700DFC943 /* Debug */,
				C4F93786259F756700DFC943 /* Release */,
			);
			defaultConfigurationIsVisible = 0;
			defaultConfigurationName = Release;
		};
/* End XCConfigurationList section */
	};
	rootObject = C4F93747259F756600DFC943 /* Project object */;
}
